PODS:
  - GGWindowManager (0.1.1)
  - SVProgressHUD (2.3.1):
    - SVProgressHUD/Core (= 2.3.1)
  - SVProgressHUD/Core (2.3.1)

DEPENDENCIES:
  - GGWindowManager (from `../`)
  - SVProgressHUD

SPEC REPOS:
  trunk:
    - SVProgressHUD

EXTERNAL SOURCES:
  GGWindowManager:
    :path: "../"

SPEC CHECKSUMS:
  GGWindowManager: 8ac51a5fd7e30605ac7a2550eb3362bc9565f969
  SVProgressHUD: 4837c74bdfe2e51e8821c397825996a8d7de6e22

PODFILE CHECKSUM: 27fd4b955c9fa6d1d1c73de36a218b25b15932a8

COCOAPODS: 1.17.0
